// !$*UTF8*$!
{
	archiveVersion = 1;
	classes = {
	};
	objectVersion = 50;
	objects = {

/* Begin PBXBuildFile section */
		1A7F376124483A2E00A23C36 /* AppDelegate.swift in Sources */ = {isa = PBXBuildFile; fileRef = 1A7F376024483A2E00A23C36 /* AppDelegate.swift */; };
		1A7F376324483A2E00A23C36 /* SceneDelegate.swift in Sources */ = {isa = PBXBuildFile; fileRef = 1A7F376224483A2E00A23C36 /* SceneDelegate.swift */; };
		1A7F376524483A2E00A23C36 /* ViewController.swift in Sources */ = {isa = PBXBuildFile; fileRef = 1A7F376424483A2E00A23C36 /* ViewController.swift */; };
		1A7F376824483A2E00A23C36 /* Main.storyboard in Resources */ = {isa = PBXBuildFile; fileRef = 1A7F376624483A2E00A23C36 /* Main.storyboard */; };
		1A7F376A24483A3100A23C36 /* Assets.xcassets in Resources */ = {isa = PBXBuildFile; fileRef = 1A7F376924483A3100A23C36 /* Assets.xcassets */; };
		1A7F376D24483A3100A23C36 /* LaunchScreen.storyboard in Resources */ = {isa = PBXBuildFile; fileRef = 1A7F376B24483A3100A23C36 /* LaunchScreen.storyboard */; };
		1A7F377A24483C6500A23C36 /* ImageTableViewCell.swift in Sources */ = {isa = PBXBuildFile; fileRef = 1A7F377824483C6500A23C36 /* ImageTableViewCell.swift */; };
		1A7F377B24483C6500A23C36 /* ImageTableViewCell.xib in Resources */ = {isa = PBXBuildFile; fileRef = 1A7F377924483C6500A23C36 /* ImageTableViewCell.xib */; };
		1A7F378024483FBF00A23C36 /* TravelList.swift in Sources */ = {isa = PBXBuildFile; fileRef = 1A7F377F24483FBF00A23C36 /* TravelList.swift */; };
		1A7F378224483FCF00A23C36 /* Travel.swift in Sources */ = {isa = PBXBuildFile; fileRef = 1A7F378124483FCF00A23C36 /* Travel.swift */; };
		1A7F378524492AF500A23C36 /* DetailViewController.swift in Sources */ = {isa = PBXBuildFile; fileRef = 1A7F378324492AF500A23C36 /* DetailViewController.swift */; };
		1A7F378624492AF500A23C36 /* DetailViewController.xib in Resources */ = {isa = PBXBuildFile; fileRef = 1A7F378424492AF500A23C36 /* DetailViewController.xib */; };
/* End PBXBuildFile section */

/* Begin PBXFileReference section */
		1A7F375D24483A2E00A23C36 /* MySubmission.app */ = {isa = PBXFileReference; explicitFileType = wrapper.application; includeInIndex = 0; path = MySubmission.app; sourceTree = BUILT_PRODUCTS_DIR; };
		1A7F376024483A2E00A23C36 /* AppDelegate.swift */ = {isa = PBXFileReference; lastKnownFileType = sourcecode.swift; path = AppDelegate.swift; sourceTree = "<group>"; };
		1A7F376224483A2E00A23C36 /* SceneDelegate.swift */ = {isa = PBXFileReference; lastKnownFileType = sourcecode.swift; path = SceneDelegate.swift; sourceTree = "<group>"; };
		1A7F376424483A2E00A23C36 /* ViewController.swift */ = {isa = PBXFileReference; lastKnownFileType = sourcecode.swift; path = ViewController.swift; sourceTree = "<group>"; };
		1A7F376724483A2E00A23C36 /* Base */ = {isa = PBXFileReference; lastKnownFileType = file.storyboard; name = Base; path = Base.lproj/Main.storyboard; sourceTree = "<group>"; };
		1A7F376924483A3100A23C36 /* Assets.xcassets */ = {isa = PBXFileReference; lastKnownFileType = folder.assetcatalog; path = Assets.xcassets; sourceTree = "<group>"; };
		1A7F376C24483A3100A23C36 /* Base */ = {isa = PBXFileReference; lastKnownFileType = file.storyboard; name = Base; path = Base.lproj/LaunchScreen.storyboard; sourceTree = "<group>"; };
		1A7F376E24483A3100A23C36 /* Info.plist */ = {isa = PBXFileReference; lastKnownFileType = text.plist.xml; path = Info.plist; sourceTree = "<group>"; };
		1A7F377824483C6500A23C36 /* ImageTableViewCell.swift */ = {isa = PBXFileReference; lastKnownFileType = sourcecode.swift; path = ImageTableViewCell.swift; sourceTree = "<group>"; };
		1A7F377924483C6500A23C36 /* ImageTableViewCell.xib */ = {isa = PBXFileReference; lastKnownFileType = file.xib; path = ImageTableViewCell.xib; sourceTree = "<group>"; };
		1A7F377F24483FBF00A23C36 /* TravelList.swift */ = {isa = PBXFileReference; lastKnownFileType = sourcecode.swift; path = TravelList.swift; sourceTree = "<group>"; };
		1A7F378124483FCF00A23C36 /* Travel.swift */ = {isa = PBXFileReference; lastKnownFileType = sourcecode.swift; path = Travel.swift; sourceTree = "<group>"; };
		1A7F378324492AF500A23C36 /* DetailViewController.swift */ = {isa = PBXFileReference; lastKnownFileType = sourcecode.swift; path = DetailViewController.swift; sourceTree = "<group>"; };
		1A7F378424492AF500A23C36 /* DetailViewController.xib */ = {isa = PBXFileReference; lastKnownFileType = file.xib; path = DetailViewController.xib; sourceTree = "<group>"; };
/* End PBXFileReference section */

/* Begin PBXFrameworksBuildPhase section */
		1A7F375A24483A2E00A23C36 /* Frameworks */ = {
			isa = PBXFrameworksBuildPhase;
			buildActionMask = 2147483647;
			files = (
			);
			runOnlyForDeploymentPostprocessing = 0;
		};
/* End PBXFrameworksBuildPhase section */

/* Begin PBXGroup section */
		1A7F375424483A2E00A23C36 = {
			isa = PBXGroup;
			children = (
				1A7F375F24483A2E00A23C36 /* MySubmission */,
				1A7F375E24483A2E00A23C36 /* Products */,
			);
			sourceTree = "<group>";
		};
		1A7F375E24483A2E00A23C36 /* Products */ = {
			isa = PBXGroup;
			children = (
				1A7F375D24483A2E00A23C36 /* MySubmission.app */,
			);
			name = Products;
			sourceTree = "<group>";
		};
		1A7F375F24483A2E00A23C36 /* MySubmission */ = {
			isa = PBXGroup;
			children = (
				1A7F376024483A2E00A23C36 /* AppDelegate.swift */,
				1A7F376224483A2E00A23C36 /* SceneDelegate.swift */,
				1A7F377E24483F9F00A23C36 /* Model */,
				1A7F377D24483F8900A23C36 /* Controller */,
				1A7F377C24483F8000A23C36 /* View */,
				1A7F376924483A3100A23C36 /* Assets.xcassets */,
				1A7F376E24483A3100A23C36 /* Info.plist */,
			);
			path = MySubmission;
			sourceTree = "<group>";
		};
		1A7F377C24483F8000A23C36 /* View */ = {
			isa = PBXGroup;
			children = (
				1A7F376624483A2E00A23C36 /* Main.storyboard */,
				1A7F377924483C6500A23C36 /* ImageTableViewCell.xib */,
				1A7F378424492AF500A23C36 /* DetailViewController.xib */,
				1A7F376B24483A3100A23C36 /* LaunchScreen.storyboard */,
			);
			path = View;
			sourceTree = "<group>";
		};
		1A7F377D24483F8900A23C36 /* Controller */ = {
			isa = PBXGroup;
			children = (
				1A7F376424483A2E00A23C36 /* ViewController.swift */,
				1A7F377824483C6500A23C36 /* ImageTableViewCell.swift */,
				1A7F378324492AF500A23C36 /* DetailViewController.swift */,
			);
			path = Controller;
			sourceTree = "<group>";
		};
		1A7F377E24483F9F00A23C36 /* Model */ = {
			isa = PBXGroup;
			children = (
				1A7F377F24483FBF00A23C36 /* TravelList.swift */,
				1A7F378124483FCF00A23C36 /* Travel.swift */,
			);
			path = Model;
			sourceTree = "<group>";
		};
/* End PBXGroup section */

/* Begin PBXNativeTarget section */
		1A7F375C24483A2E00A23C36 /* MySubmission */ = {
			isa = PBXNativeTarget;
			buildConfigurationList = 1A7F377124483A3100A23C36 /* Build configuration list for PBXNativeTarget "MySubmission" */;
			buildPhases = (
				1A7F375924483A2E00A23C36 /* Sources */,
				1A7F375A24483A2E00A23C36 /* Frameworks */,
				1A7F375B24483A2E00A23C36 /* Resources */,
			);
			buildRules = (
			);
			dependencies = (
			);
			name = MySubmission;
			productName = MySubmission;
			productReference = 1A7F375D24483A2E00A23C36 /* MySubmission.app */;
			productType = "com.apple.product-type.application";
		};
/* End PBXNativeTarget section */

/* Begin PBXProject section */
		1A7F375524483A2E00A23C36 /* Project object */ = {
			isa = PBXProject;
			attributes = {
				LastSwiftUpdateCheck = 1140;
				LastUpgradeCheck = 1140;
				ORGANIZATIONNAME = "Dicoding Indonesia";
				TargetAttributes = {
					1A7F375C24483A2E00A23C36 = {
						CreatedOnToolsVersion = 11.4;
					};
				};
			};
			buildConfigurationList = 1A7F375824483A2E00A23C36 /* Build configuration list for PBXProject "MySubmission" */;
			compatibilityVersion = "Xcode 9.3";
			developmentRegion = en;
			hasScannedForEncodings = 0;
			knownRegions = (
				en,
				Base,
			);
			mainGroup = 1A7F375424483A2E00A23C36;
			productRefGroup = 1A7F375E24483A2E00A23C36 /* Products */;
			projectDirPath = "";
			projectRoot = "";
			targets = (
				1A7F375C24483A2E00A23C36 /* MySubmission */,
			);
		};
/* End PBXProject section */

/* Begin PBXResourcesBuildPhase section */
		1A7F375B24483A2E00A23C36 /* Resources */ = {
			isa = PBXResourcesBuildPhase;
			buildActionMask = 2147483647;
			files = (
				1A7F376D24483A3100A23C36 /* LaunchScreen.storyboard in Resources */,
				1A7F377B24483C6500A23C36 /* ImageTableViewCell.xib in Resources */,
				1A7F378624492AF500A23C36 /* DetailViewController.xib in Resources */,
				1A7F376A24483A3100A23C36 /* Assets.xcassets in Resources */,
				1A7F376824483A2E00A23C36 /* Main.storyboard in Resources */,
			);
			runOnlyForDeploymentPostprocessing = 0;
		};
/* End PBXResourcesBuildPhase section */

/* Begin PBXSourcesBuildPhase section */
		1A7F375924483A2E00A23C36 /* Sources */ = {
			isa = PBXSourcesBuildPhase;
			buildActionMask = 2147483647;
			files = (
				1A7F376524483A2E00A23C36 /* ViewController.swift in Sources */,
				1A7F377A24483C6500A23C36 /* ImageTableViewCell.swift in Sources */,
				1A7F378024483FBF00A23C36 /* TravelList.swift in Sources */,
				1A7F378224483FCF00A23C36 /* Travel.swift in Sources */,
				1A7F376124483A2E00A23C36 /* AppDelegate.swift in Sources */,
				1A7F376324483A2E00A23C36 /* SceneDelegate.swift in Sources */,
				1A7F378524492AF500A23C36 /* DetailViewController.swift in Sources */,
			);
			runOnlyForDeploymentPostprocessing = 0;
		};
/* End PBXSourcesBuildPhase section */

/* Begin PBXVariantGroup section */
		1A7F376624483A2E00A23C36 /* Main.storyboard */ = {
			isa = PBXVariantGroup;
			children = (
				1A7F376724483A2E00A23C36 /* Base */,
			);
			name = Main.storyboard;
			sourceTree = "<group>";
		};
		1A7F376B24483A3100A23C36 /* LaunchScreen.storyboard */ = {
			isa = PBXVariantGroup;
			children = (
				1A7F376C24483A3100A23C36 /* Base */,
			);
			name = LaunchScreen.storyboard;
			sourceTree = "<group>";
		};
/* End PBXVariantGroup section */

/* Begin XCBuildConfiguration section */
		1A7F376F24483A3100A23C36 /* Debug */ = {
			isa = XCBuildConfiguration;
			buildSettings = {
				ALWAYS_SEARCH_USER_PATHS = NO;
				CLANG_ANALYZER_NONNULL = YES;
				CLANG_ANALYZER_NUMBER_OBJECT_CONVERSION = YES_AGGRESSIVE;
				CLANG_CXX_LANGUAGE_STANDARD = "gnu++14";
				CLANG_CXX_LIBRARY = "libc++";
				CLANG_ENABLE_MODULES = YES;
				CLANG_ENABLE_OBJC_ARC = YES;
				CLANG_ENABLE_OBJC_WEAK = YES;
				CLANG_WARN_BLOCK_CAPTURE_AUTORELEASING = YES;
				CLANG_WARN_BOOL_CONVERSION = YES;
				CLANG_WARN_COMMA = YES;
				CLANG_WARN_CONSTANT_CONVERSION = YES;
				CLANG_WARN_DEPRECATED_OBJC_IMPLEMENTATIONS = YES;
				CLANG_WARN_DIRECT_OBJC_ISA_USAGE = YES_ERROR;
				CLANG_WARN_DOCUMENTATION_COMMENTS = YES;
				CLANG_WARN_EMPTY_BODY = YES;
				CLANG_WARN_ENUM_CONVERSION = YES;
				CLANG_WARN_INFINITE_RECURSION = YES;
				CLANG_WARN_INT_CONVERSION = YES;
				CLANG_WARN_NON_LITERAL_NULL_CONVERSION = YES;
				CLANG_WARN_OBJC_IMPLICIT_RETAIN_SELF = YES;
				CLANG_WARN_OBJC_LITERAL_CONVERSION = YES;
				CLANG_WARN_OBJC_ROOT_CLASS = YES_ERROR;
				CLANG_WARN_RANGE_LOOP_ANALYSIS = YES;
				CLANG_WARN_STRICT_PROTOTYPES = YES;
				CLANG_WARN_SUSPICIOUS_MOVE = YES;
				CLANG_WARN_UNGUARDED_AVAILABILITY = YES_AGGRESSIVE;
				CLANG_WARN_UNREACHABLE_CODE = YES;
				CLANG_WARN__DUPLICATE_METHOD_MATCH = YES;
				COPY_PHASE_STRIP = NO;
				DEBUG_INFORMATION_FORMAT = dwarf;
				ENABLE_STRICT_OBJC_MSGSEND = YES;
				ENABLE_TESTABILITY = YES;
				GCC_C_LANGUAGE_STANDARD = gnu11;
				GCC_DYNAMIC_NO_PIC = NO;
				GCC_NO_COMMON_BLOCKS = YES;
				GCC_OPTIMIZATION_LEVEL = 0;
				GCC_PREPROCESSOR_DEFINITIONS = (
					"DEBUG=1",
					"$(inherited)",
				);
				GCC_WARN_64_TO_32_BIT_CONVERSION = YES;
				GCC_WARN_ABOUT_RETURN_TYPE = YES_ERROR;
				GCC_WARN_UNDECLARED_SELECTOR = YES;
				GCC_WARN_UNINITIALIZED_AUTOS = YES_AGGRESSIVE;
				GCC_WARN_UNUSED_FUNCTION = YES;
				GCC_WARN_UNUSED_VARIABLE = YES;
				IPHONEOS_DEPLOYMENT_TARGET = 13.4;
				MTL_ENABLE_DEBUG_INFO = INCLUDE_SOURCE;
				MTL_FAST_MATH = YES;
				ONLY_ACTIVE_ARCH = YES;
				SDKROOT = iphoneos;
				SWIFT_ACTIVE_COMPILATION_CONDITIONS = DEBUG;
				SWIFT_OPTIMIZATION_LEVEL = "-Onone";
			};
			name = Debug;
		};
		1A7F377024483A3100A23C36 /* Release */ = {
			isa = XCBuildConfiguration;
			buildSettings = {
				ALWAYS_SEARCH_USER_PATHS = NO;
				CLANG_ANALYZER_NONNULL = YES;
				CLANG_ANALYZER_NUMBER_OBJECT_CONVERSION = YES_AGGRESSIVE;
				CLANG_CXX_LANGUAGE_STANDARD = "gnu++14";
				CLANG_CXX_LIBRARY = "libc++";
				CLANG_ENABLE_MODULES = YES;
				CLANG_ENABLE_OBJC_ARC = YES;
				CLANG_ENABLE_OBJC_WEAK = YES;
				CLANG_WARN_BLOCK_CAPTURE_AUTORELEASING = YES;
				CLANG_WARN_BOOL_CONVERSION = YES;
				CLANG_WARN_COMMA = YES;
				CLANG_WARN_CONSTANT_CONVERSION = YES;
				CLANG_WARN_DEPRECATED_OBJC_IMPLEMENTATIONS = YES;
				CLANG_WARN_DIRECT_OBJC_ISA_USAGE = YES_ERROR;
				CLANG_WARN_DOCUMENTATION_COMMENTS = YES;
				CLANG_WARN_EMPTY_BODY = YES;
				CLANG_WARN_ENUM_CONVERSION = YES;
				CLANG_WARN_INFINITE_RECURSION = YES;
				CLANG_WARN_INT_CONVERSION = YES;
				CLANG_WARN_NON_LITERAL_NULL_CONVERSION = YES;
				CLANG_WARN_OBJC_IMPLICIT_RETAIN_SELF = YES;
				CLANG_WARN_OBJC_LITERAL_CONVERSION = YES;
				CLANG_WARN_OBJC_ROOT_CLASS = YES_ERROR;
				CLANG_WARN_RANGE_LOOP_ANALYSIS = YES;
				CLANG_WARN_STRICT_PROTOTYPES = YES;
				CLANG_WARN_SUSPICIOUS_MOVE = YES;
				CLANG_WARN_UNGUARDED_AVAILABILITY = YES_AGGRESSIVE;
				CLANG_WARN_UNREACHABLE_CODE = YES;
				CLANG_WARN__DUPLICATE_METHOD_MATCH = YES;
				COPY_PHASE_STRIP = NO;
				DEBUG_INFORMATION_FORMAT = "dwarf-with-dsym";
				ENABLE_NS_ASSERTIONS = NO;
				ENABLE_STRICT_OBJC_MSGSEND = YES;
				GCC_C_LANGUAGE_STANDARD = gnu11;
				GCC_NO_COMMON_BLOCKS = YES;
				GCC_WARN_64_TO_32_BIT_CONVERSION = YES;
				GCC_WARN_ABOUT_RETURN_TYPE = YES_ERROR;
				GCC_WARN_UNDECLARED_SELECTOR = YES;
				GCC_WARN_UNINITIALIZED_AUTOS = YES_AGGRESSIVE;
				GCC_WARN_UNUSED_FUNCTION = YES;
				GCC_WARN_UNUSED_VARIABLE = YES;
				IPHONEOS_DEPLOYMENT_TARGET = 13.4;
				MTL_ENABLE_DEBUG_INFO = NO;
				MTL_FAST_MATH = YES;
				SDKROOT = iphoneos;
				SWIFT_COMPILATION_MODE = wholemodule;
				SWIFT_OPTIMIZATION_LEVEL = "-O";
				VALIDATE_PRODUCT = YES;
			};
			name = Release;
		};
		1A7F377224483A3100A23C36 /* Debug */ = {
			isa = XCBuildConfiguration;
			buildSettings = {
				ASSETCATALOG_COMPILER_APPICON_NAME = AppIcon;
				CODE_SIGN_STYLE = Automatic;
				INFOPLIST_FILE = MySubmission/Info.plist;
				LD_RUNPATH_SEARCH_PATHS = (
					"$(inherited)",
					"@executable_path/Frameworks",
				);
				PRODUCT_BUNDLE_IDENTIFIER = com.dicoding.academy.MySubmission;
				PRODUCT_NAME = "$(TARGET_NAME)";
				SWIFT_VERSION = 5.0;
				TARGETED_DEVICE_FAMILY = "1,2";
			};
			name = Debug;
		};
		1A7F377324483A3100A23C36 /* Release */ = {
			isa = XCBuildConfiguration;
			buildSettings = {
				ASSETCATALOG_COMPILER_APPICON_NAME = AppIcon;
				CODE_SIGN_STYLE = Automatic;
				INFOPLIST_FILE = MySubmission/Info.plist;
				LD_RUNPATH_SEARCH_PATHS = (
					"$(inherited)",
					"@executable_path/Frameworks",
				);
				PRODUCT_BUNDLE_IDENTIFIER = com.dicoding.academy.MySubmission;
				PRODUCT_NAME = "$(TARGET_NAME)";
				SWIFT_VERSION = 5.0;
				TARGETED_DEVICE_FAMILY = "1,2";
			};
			name = Release;
		};
/* End XCBuildConfiguration section */

/* Begin XCConfigurationList section */
		1A7F375824483A2E00A23C36 /* Build configuration list for PBXProject "MySubmission" */ = {
			isa = XCConfigurationList;
			buildConfigurations = (
				1A7F376F24483A3100A23C36 /* Debug */,
				1A7F377024483A3100A23C36 /* Release */,
			);
			defaultConfigurationIsVisible = 0;
			defaultConfigurationName = Release;
		};
		1A7F377124483A3100A23C36 /* Build configuration list for PBXNativeTarget "MySubmission" */ = {
			isa = XCConfigurationList;
			buildConfigurations = (
				1A7F377224483A3100A23C36 /* Debug */,
				1A7F377324483A3100A23C36 /* Release */,
			);
			defaultConfigurationIsVisible = 0;
			defaultConfigurationName = Release;
		};
/* End XCConfigurationList section */
	};
	rootObject = 1A7F375524483A2E00A23C36 /* Project object */;
}
